
Microsoft Visual Studio Solution File, Format Version 12.00
# Visual Studio Version 17
VisualStudioVersion = 17.0.32112.339
MinimumVisualStudioVersion = 10.0.40219.1
Project("{9A19103F-16F7-4668-BE54-9A1E7A4F7556}") = "OficinaConectada", "OficinaConectada.csproj", "{2D8F7614-A202-495A-A753-515F84A97A52}"
EndProject
Global
	GlobalSection(SolutionConfigurationPlatforms) = preSolution
		Debug|Any CPU = Debug|Any CPU
		Release|Any CPU = Release|Any CPU
	EndGlobalSection
	GlobalSection(ProjectConfigurationPlatforms) = postSolution
		{2D8F7614-A202-495A-A753-515F84A97A52}.Debug|Any CPU.ActiveCfg = Debug|Any CPU
		{2D8F7614-A202-495A-A753-515F84A97A52}.Debug|Any CPU.Build.0 = Debug|Any CPU
		{2D8F7614-A202-495A-A753-515F84A97A52}.Release|Any CPU.ActiveCfg = Release|Any CPU
		{2D8F7614-A202-495A-A753-515F84A97A52}.Release|Any CPU.Build.0 = Release|Any CPU
	EndGlobalSection
	GlobalSection(SolutionProperties) = preSolution
		HideSolutionNode = FALSE
	EndGlobalSection
	GlobalSection(ExtensibilityGlobals) = postSolution
		SolutionGuid = {F9A3104B-6892-48E4-9361-A915E811FC89}
	EndGlobalSection
EndGlobal
